
Microsoft Visual Studio Solution File, Format Version 12.00
# Visual Studio Version 17
VisualStudioVersion = 17.5.33502.453
MinimumVisualStudioVersion = 10.0.40219.1
Project("{FAE04EC0-301F-11D3-BF4B-00C04F79EFBC}") = "PageWorldBookStore", "PageWorldBookStore\PageWorldBookStore.csproj", "{A0FBE54A-A8A5-4876-9FF7-F32CFEC2B964}"
EndProject
Global
	GlobalSection(SolutionConfigurationPlatforms) = preSolution
		Debug|Any CPU = Debug|Any CPU
		Release|Any CPU = Release|Any CPU
	EndGlobalSection
	GlobalSection(ProjectConfigurationPlatforms) = postSolution
		{A0FBE54A-A8A5-4876-9FF7-F32CFEC2B964}.Debug|Any CPU.ActiveCfg = Debug|Any CPU
		{A0FBE54A-A8A5-4876-9FF7-F32CFEC2B964}.Debug|Any CPU.Build.0 = Debug|Any CPU
		{A0FBE54A-A8A5-4876-9FF7-F32CFEC2B964}.Release|Any CPU.ActiveCfg = Release|Any CPU
		{A0FBE54A-A8A5-4876-9FF7-F32CFEC2B964}.Release|Any CPU.Build.0 = Release|Any CPU
	EndGlobalSection
	GlobalSection(SolutionProperties) = preSolution
		HideSolutionNode = FALSE
	EndGlobalSection
	GlobalSection(ExtensibilityGlobals) = postSolution
		SolutionGuid = {57F79E2D-3817-4881-8330-1D6DF86C0C0A}
	EndGlobalSection
EndGlobal
